// !$*UTF8*$!
{
	archiveVersion = 1;
	classes = {
	};
	objectVersion = 56;
	objects = {

/* Begin PBXBuildFile section */
		3F5093452ADED043005FBE4F /* MemoryGameApp.swift in Sources */ = {isa = PBXBuildFile; fileRef = 3F5093442ADED043005FBE4F /* MemoryGameApp.swift */; };
		3F5093472ADED043005FBE4F /* ContentView.swift in Sources */ = {isa = PBXBuildFile; fileRef = 3F5093462ADED043005FBE4F /* ContentView.swift */; };
		3F5093492ADED044005FBE4F /* Assets.xcassets in Resources */ = {isa = PBXBuildFile; fileRef = 3F5093482ADED044005FBE4F /* Assets.xcassets */; };
		3F50934C2ADED044005FBE4F /* Preview Assets.xcassets in Resources */ = {isa = PBXBuildFile; fileRef = 3F50934B2ADED044005FBE4F /* Preview Assets.xcassets */; };
		3F5093562ADED044005FBE4F /* MemoryGameTests.swift in Sources */ = {isa = PBXBuildFile; fileRef = 3F5093552ADED044005FBE4F /* MemoryGameTests.swift */; };
		3F5093602ADED044005FBE4F /* MemoryGameUITests.swift in Sources */ = {isa = PBXBuildFile; fileRef = 3F50935F2ADED044005FBE4F /* MemoryGameUITests.swift */; };
		3F5093622ADED044005FBE4F /* MemoryGameUITestsLaunchTests.swift in Sources */ = {isa = PBXBuildFile; fileRef = 3F5093612ADED044005FBE4F /* MemoryGameUITestsLaunchTests.swift */; };
		3F50936F2ADED065005FBE4F /* CardView.swift in Sources */ = {isa = PBXBuildFile; fileRef = 3F50936E2ADED065005FBE4F /* CardView.swift */; };
		3F5093712ADEDCFC005FBE4F /* MotiveButton.swift in Sources */ = {isa = PBXBuildFile; fileRef = 3F5093702ADEDCFC005FBE4F /* MotiveButton.swift */; };
		3F879FDA2B03C9F8000E4766 /* MemoGameViewModel.swift in Sources */ = {isa = PBXBuildFile; fileRef = 3F879FD92B03C9F8000E4766 /* MemoGameViewModel.swift */; };
		3FCCBB652AFA9C8700BB8937 /* MemoGameModel.swift in Sources */ = {isa = PBXBuildFile; fileRef = 3FCCBB642AFA9C8700BB8937 /* MemoGameModel.swift */; };
		3FDB93E72B16459C00FACECE /* CirclePart.swift in Sources */ = {isa = PBXBuildFile; fileRef = 3FDB93E62B16459C00FACECE /* CirclePart.swift */; };
		3FDB93EB2B164B5D00FACECE /* TransformIntoCard.swift in Sources */ = {isa = PBXBuildFile; fileRef = 3FDB93EA2B164B5D00FACECE /* TransformIntoCard.swift */; };
/* End PBXBuildFile section */

/* Begin PBXContainerItemProxy section */
		3F5093522ADED044005FBE4F /* PBXContainerItemProxy */ = {
			isa = PBXContainerItemProxy;
			containerPortal = 3F5093392ADED043005FBE4F /* Project object */;
			proxyType = 1;
			remoteGlobalIDString = 3F5093402ADED043005FBE4F;
			remoteInfo = MemoryGame;
		};
		3F50935C2ADED044005FBE4F /* PBXContainerItemProxy */ = {
			isa = PBXContainerItemProxy;
			containerPortal = 3F5093392ADED043005FBE4F /* Project object */;
			proxyType = 1;
			remoteGlobalIDString = 3F5093402ADED043005FBE4F;
			remoteInfo = MemoryGame;
		};
/* End PBXContainerItemProxy section */

/* Begin PBXFileReference section */
		3F5093412ADED043005FBE4F /* MemoryGame.app */ = {isa = PBXFileReference; explicitFileType = wrapper.application; includeInIndex = 0; path = MemoryGame.app; sourceTree = BUILT_PRODUCTS_DIR; };
		3F5093442ADED043005FBE4F /* MemoryGameApp.swift */ = {isa = PBXFileReference; lastKnownFileType = sourcecode.swift; path = MemoryGameApp.swift; sourceTree = "<group>"; };
		3F5093462ADED043005FBE4F /* ContentView.swift */ = {isa = PBXFileReference; lastKnownFileType = sourcecode.swift; path = ContentView.swift; sourceTree = "<group>"; };
		3F5093482ADED044005FBE4F /* Assets.xcassets */ = {isa = PBXFileReference; lastKnownFileType = folder.assetcatalog; path = Assets.xcassets; sourceTree = "<group>"; };
		3F50934B2ADED044005FBE4F /* Preview Assets.xcassets */ = {isa = PBXFileReference; lastKnownFileType = folder.assetcatalog; path = "Preview Assets.xcassets"; sourceTree = "<group>"; };
		3F5093512ADED044005FBE4F /* MemoryGameTests.xctest */ = {isa = PBXFileReference; explicitFileType = wrapper.cfbundle; includeInIndex = 0; path = MemoryGameTests.xctest; sourceTree = BUILT_PRODUCTS_DIR; };
		3F5093552ADED044005FBE4F /* MemoryGameTests.swift */ = {isa = PBXFileReference; lastKnownFileType = sourcecode.swift; path = MemoryGameTests.swift; sourceTree = "<group>"; };
		3F50935B2ADED044005FBE4F /* MemoryGameUITests.xctest */ = {isa = PBXFileReference; explicitFileType = wrapper.cfbundle; includeInIndex = 0; path = MemoryGameUITests.xctest; sourceTree = BUILT_PRODUCTS_DIR; };
		3F50935F2ADED044005FBE4F /* MemoryGameUITests.swift */ = {isa = PBXFileReference; lastKnownFileType = sourcecode.swift; path = MemoryGameUITests.swift; sourceTree = "<group>"; };
		3F5093612ADED044005FBE4F /* MemoryGameUITestsLaunchTests.swift */ = {isa = PBXFileReference; lastKnownFileType = sourcecode.swift; path = MemoryGameUITestsLaunchTests.swift; sourceTree = "<group>"; };
		3F50936E2ADED065005FBE4F /* CardView.swift */ = {isa = PBXFileReference; lastKnownFileType = sourcecode.swift; path = CardView.swift; sourceTree = "<group>"; };
		3F5093702ADEDCFC005FBE4F /* MotiveButton.swift */ = {isa = PBXFileReference; lastKnownFileType = sourcecode.swift; path = MotiveButton.swift; sourceTree = "<group>"; };
		3F879FD92B03C9F8000E4766 /* MemoGameViewModel.swift */ = {isa = PBXFileReference; lastKnownFileType = sourcecode.swift; path = MemoGameViewModel.swift; sourceTree = "<group>"; };
		3FCCBB642AFA9C8700BB8937 /* MemoGameModel.swift */ = {isa = PBXFileReference; lastKnownFileType = sourcecode.swift; path = MemoGameModel.swift; sourceTree = "<group>"; };
		3FDB93E62B16459C00FACECE /* CirclePart.swift */ = {isa = PBXFileReference; lastKnownFileType = sourcecode.swift; path = CirclePart.swift; sourceTree = "<group>"; };
		3FDB93EA2B164B5D00FACECE /* TransformIntoCard.swift */ = {isa = PBXFileReference; lastKnownFileType = sourcecode.swift; path = TransformIntoCard.swift; sourceTree = "<group>"; };
/* End PBXFileReference section */

/* Begin PBXFrameworksBuildPhase section */
		3F50933E2ADED043005FBE4F /* Frameworks */ = {
			isa = PBXFrameworksBuildPhase;
			buildActionMask = 2147483647;
			files = (
			);
			runOnlyForDeploymentPostprocessing = 0;
		};
		3F50934E2ADED044005FBE4F /* Frameworks */ = {
			isa = PBXFrameworksBuildPhase;
			buildActionMask = 2147483647;
			files = (
			);
			runOnlyForDeploymentPostprocessing = 0;
		};
		3F5093582ADED044005FBE4F /* Frameworks */ = {
			isa = PBXFrameworksBuildPhase;
			buildActionMask = 2147483647;
			files = (
			);
			runOnlyForDeploymentPostprocessing = 0;
		};
/* End PBXFrameworksBuildPhase section */

/* Begin PBXGroup section */
		3F5093382ADED043005FBE4F = {
			isa = PBXGroup;
			children = (
				3F5093432ADED043005FBE4F /* MemoryGame */,
				3F5093542ADED044005FBE4F /* MemoryGameTests */,
				3F50935E2ADED044005FBE4F /* MemoryGameUITests */,
				3F5093422ADED043005FBE4F /* Products */,
			);
			sourceTree = "<group>";
		};
		3F5093422ADED043005FBE4F /* Products */ = {
			isa = PBXGroup;
			children = (
				3F5093412ADED043005FBE4F /* MemoryGame.app */,
				3F5093512ADED044005FBE4F /* MemoryGameTests.xctest */,
				3F50935B2ADED044005FBE4F /* MemoryGameUITests.xctest */,
			);
			name = Products;
			sourceTree = "<group>";
		};
		3F5093432ADED043005FBE4F /* MemoryGame */ = {
			isa = PBXGroup;
			children = (
				3F5093442ADED043005FBE4F /* MemoryGameApp.swift */,
				3F5093462ADED043005FBE4F /* ContentView.swift */,
				3F5093482ADED044005FBE4F /* Assets.xcassets */,
				3F50934A2ADED044005FBE4F /* Preview Content */,
				3F50936E2ADED065005FBE4F /* CardView.swift */,
				3F5093702ADEDCFC005FBE4F /* MotiveButton.swift */,
				3FCCBB642AFA9C8700BB8937 /* MemoGameModel.swift */,
				3F879FD92B03C9F8000E4766 /* MemoGameViewModel.swift */,
				3FDB93E62B16459C00FACECE /* CirclePart.swift */,
				3FDB93EA2B164B5D00FACECE /* TransformIntoCard.swift */,
			);
			path = MemoryGame;
			sourceTree = "<group>";
		};
		3F50934A2ADED044005FBE4F /* Preview Content */ = {
			isa = PBXGroup;
			children = (
				3F50934B2ADED044005FBE4F /* Preview Assets.xcassets */,
			);
			path = "Preview Content";
			sourceTree = "<group>";
		};
		3F5093542ADED044005FBE4F /* MemoryGameTests */ = {
			isa = PBXGroup;
			children = (
				3F5093552ADED044005FBE4F /* MemoryGameTests.swift */,
			);
			path = MemoryGameTests;
			sourceTree = "<group>";
		};
		3F50935E2ADED044005FBE4F /* MemoryGameUITests */ = {
			isa = PBXGroup;
			children = (
				3F50935F2ADED044005FBE4F /* MemoryGameUITests.swift */,
				3F5093612ADED044005FBE4F /* MemoryGameUITestsLaunchTests.swift */,
			);
			path = MemoryGameUITests;
			sourceTree = "<group>";
		};
/* End PBXGroup section */

/* Begin PBXNativeTarget section */
		3F5093402ADED043005FBE4F /* MemoryGame */ = {
			isa = PBXNativeTarget;
			buildConfigurationList = 3F5093652ADED044005FBE4F /* Build configuration list for PBXNativeTarget "MemoryGame" */;
			buildPhases = (
				3F50933D2ADED043005FBE4F /* Sources */,
				3F50933E2ADED043005FBE4F /* Frameworks */,
				3F50933F2ADED043005FBE4F /* Resources */,
			);
			buildRules = (
			);
			dependencies = (
			);
			name = MemoryGame;
			productName = MemoryGame;
			productReference = 3F5093412ADED043005FBE4F /* MemoryGame.app */;
			productType = "com.apple.product-type.application";
		};
		3F5093502ADED044005FBE4F /* MemoryGameTests */ = {
			isa = PBXNativeTarget;
			buildConfigurationList = 3F5093682ADED044005FBE4F /* Build configuration list for PBXNativeTarget "MemoryGameTests" */;
			buildPhases = (
				3F50934D2ADED044005FBE4F /* Sources */,
				3F50934E2ADED044005FBE4F /* Frameworks */,
				3F50934F2ADED044005FBE4F /* Resources */,
			);
			buildRules = (
			);
			dependencies = (
				3F5093532ADED044005FBE4F /* PBXTargetDependency */,
			);
			name = MemoryGameTests;
			productName = MemoryGameTests;
			productReference = 3F5093512ADED044005FBE4F /* MemoryGameTests.xctest */;
			productType = "com.apple.product-type.bundle.unit-test";
		};
		3F50935A2ADED044005FBE4F /* MemoryGameUITests */ = {
			isa = PBXNativeTarget;
			buildConfigurationList = 3F50936B2ADED044005FBE4F /* Build configuration list for PBXNativeTarget "MemoryGameUITests" */;
			buildPhases = (
				3F5093572ADED044005FBE4F /* Sources */,
				3F5093582ADED044005FBE4F /* Frameworks */,
				3F5093592ADED044005FBE4F /* Resources */,
			);
			buildRules = (
			);
			dependencies = (
				3F50935D2ADED044005FBE4F /* PBXTargetDependency */,
			);
			name = MemoryGameUITests;
			productName = MemoryGameUITests;
			productReference = 3F50935B2ADED044005FBE4F /* MemoryGameUITests.xctest */;
			productType = "com.apple.product-type.bundle.ui-testing";
		};
/* End PBXNativeTarget section */

/* Begin PBXProject section */
		3F5093392ADED043005FBE4F /* Project object */ = {
			isa = PBXProject;
			attributes = {
				BuildIndependentTargetsInParallel = 1;
				LastSwiftUpdateCheck = 1500;
				LastUpgradeCheck = 1500;
				TargetAttributes = {
					3F5093402ADED043005FBE4F = {
						CreatedOnToolsVersion = 15.0;
					};
					3F5093502ADED044005FBE4F = {
						CreatedOnToolsVersion = 15.0;
						TestTargetID = 3F5093402ADED043005FBE4F;
					};
					3F50935A2ADED044005FBE4F = {
						CreatedOnToolsVersion = 15.0;
						TestTargetID = 3F5093402ADED043005FBE4F;
					};
				};
			};
			buildConfigurationList = 3F50933C2ADED043005FBE4F /* Build configuration list for PBXProject "MemoryGame" */;
			compatibilityVersion = "Xcode 14.0";
			developmentRegion = en;
			hasScannedForEncodings = 0;
			knownRegions = (
				en,
				Base,
			);
			mainGroup = 3F5093382ADED043005FBE4F;
			productRefGroup = 3F5093422ADED043005FBE4F /* Products */;
			projectDirPath = "";
			projectRoot = "";
			targets = (
				3F5093402ADED043005FBE4F /* MemoryGame */,
				3F5093502ADED044005FBE4F /* MemoryGameTests */,
				3F50935A2ADED044005FBE4F /* MemoryGameUITests */,
			);
		};
/* End PBXProject section */

/* Begin PBXResourcesBuildPhase section */
		3F50933F2ADED043005FBE4F /* Resources */ = {
			isa = PBXResourcesBuildPhase;
			buildActionMask = 2147483647;
			files = (
				3F50934C2ADED044005FBE4F /* Preview Assets.xcassets in Resources */,
				3F5093492ADED044005FBE4F /* Assets.xcassets in Resources */,
			);
			runOnlyForDeploymentPostprocessing = 0;
		};
		3F50934F2ADED044005FBE4F /* Resources */ = {
			isa = PBXResourcesBuildPhase;
			buildActionMask = 2147483647;
			files = (
			);
			runOnlyForDeploymentPostprocessing = 0;
		};
		3F5093592ADED044005FBE4F /* Resources */ = {
			isa = PBXResourcesBuildPhase;
			buildActionMask = 2147483647;
			files = (
			);
			runOnlyForDeploymentPostprocessing = 0;
		};
/* End PBXResourcesBuildPhase section */

/* Begin PBXSourcesBuildPhase section */
		3F50933D2ADED043005FBE4F /* Sources */ = {
			isa = PBXSourcesBuildPhase;
			buildActionMask = 2147483647;
			files = (
				3FCCBB652AFA9C8700BB8937 /* MemoGameModel.swift in Sources */,
				3F5093472ADED043005FBE4F /* ContentView.swift in Sources */,
				3FDB93EB2B164B5D00FACECE /* TransformIntoCard.swift in Sources */,
				3FDB93E72B16459C00FACECE /* CirclePart.swift in Sources */,
				3F879FDA2B03C9F8000E4766 /* MemoGameViewModel.swift in Sources */,
				3F5093712ADEDCFC005FBE4F /* MotiveButton.swift in Sources */,
				3F50936F2ADED065005FBE4F /* CardView.swift in Sources */,
				3F5093452ADED043005FBE4F /* MemoryGameApp.swift in Sources */,
			);
			runOnlyForDeploymentPostprocessing = 0;
		};
		3F50934D2ADED044005FBE4F /* Sources */ = {
			isa = PBXSourcesBuildPhase;
			buildActionMask = 2147483647;
			files = (
				3F5093562ADED044005FBE4F /* MemoryGameTests.swift in Sources */,
			);
			runOnlyForDeploymentPostprocessing = 0;
		};
		3F5093572ADED044005FBE4F /* Sources */ = {
			isa = PBXSourcesBuildPhase;
			buildActionMask = 2147483647;
			files = (
				3F5093602ADED044005FBE4F /* MemoryGameUITests.swift in Sources */,
				3F5093622ADED044005FBE4F /* MemoryGameUITestsLaunchTests.swift in Sources */,
			);
			runOnlyForDeploymentPostprocessing = 0;
		};
/* End PBXSourcesBuildPhase section */

/* Begin PBXTargetDependency section */
		3F5093532ADED044005FBE4F /* PBXTargetDependency */ = {
			isa = PBXTargetDependency;
			target = 3F5093402ADED043005FBE4F /* MemoryGame */;
			targetProxy = 3F5093522ADED044005FBE4F /* PBXContainerItemProxy */;
		};
		3F50935D2ADED044005FBE4F /* PBXTargetDependency */ = {
			isa = PBXTargetDependency;
			target = 3F5093402ADED043005FBE4F /* MemoryGame */;
			targetProxy = 3F50935C2ADED044005FBE4F /* PBXContainerItemProxy */;
		};
/* End PBXTargetDependency section */

/* Begin XCBuildConfiguration section */
		3F5093632ADED044005FBE4F /* Debug */ = {
			isa = XCBuildConfiguration;
			buildSettings = {
				ALWAYS_SEARCH_USER_PATHS = NO;
				ASSETCATALOG_COMPILER_GENERATE_SWIFT_ASSET_SYMBOL_EXTENSIONS = YES;
				CLANG_ANALYZER_NONNULL = YES;
				CLANG_ANALYZER_NUMBER_OBJECT_CONVERSION = YES_AGGRESSIVE;
				CLANG_CXX_LANGUAGE_STANDARD = "gnu++20";
				CLANG_ENABLE_MODULES = YES;
				CLANG_ENABLE_OBJC_ARC = YES;
				CLANG_ENABLE_OBJC_WEAK = YES;
				CLANG_WARN_BLOCK_CAPTURE_AUTORELEASING = YES;
				CLANG_WARN_BOOL_CONVERSION = YES;
				CLANG_WARN_COMMA = YES;
				CLANG_WARN_CONSTANT_CONVERSION = YES;
				CLANG_WARN_DEPRECATED_OBJC_IMPLEMENTATIONS = YES;
				CLANG_WARN_DIRECT_OBJC_ISA_USAGE = YES_ERROR;
				CLANG_WARN_DOCUMENTATION_COMMENTS = YES;
				CLANG_WARN_EMPTY_BODY = YES;
				CLANG_WARN_ENUM_CONVERSION = YES;
				CLANG_WARN_INFINITE_RECURSION = YES;
				CLANG_WARN_INT_CONVERSION = YES;
				CLANG_WARN_NON_LITERAL_NULL_CONVERSION = YES;
				CLANG_WARN_OBJC_IMPLICIT_RETAIN_SELF = YES;
				CLANG_WARN_OBJC_LITERAL_CONVERSION = YES;
				CLANG_WARN_OBJC_ROOT_CLASS = YES_ERROR;
				CLANG_WARN_QUOTED_INCLUDE_IN_FRAMEWORK_HEADER = YES;
				CLANG_WARN_RANGE_LOOP_ANALYSIS = YES;
				CLANG_WARN_STRICT_PROTOTYPES = YES;
				CLANG_WARN_SUSPICIOUS_MOVE = YES;
				CLANG_WARN_UNGUARDED_AVAILABILITY = YES_AGGRESSIVE;
				CLANG_WARN_UNREACHABLE_CODE = YES;
				CLANG_WARN__DUPLICATE_METHOD_MATCH = YES;
				COPY_PHASE_STRIP = NO;
				DEBUG_INFORMATION_FORMAT = dwarf;
				ENABLE_STRICT_OBJC_MSGSEND = YES;
				ENABLE_TESTABILITY = YES;
				ENABLE_USER_SCRIPT_SANDBOXING = YES;
				GCC_C_LANGUAGE_STANDARD = gnu17;
				GCC_DYNAMIC_NO_PIC = NO;
				GCC_NO_COMMON_BLOCKS = YES;
				GCC_OPTIMIZATION_LEVEL = 0;
				GCC_PREPROCESSOR_DEFINITIONS = (
					"DEBUG=1",
					"$(inherited)",
				);
				GCC_WARN_64_TO_32_BIT_CONVERSION = YES;
				GCC_WARN_ABOUT_RETURN_TYPE = YES_ERROR;
				GCC_WARN_UNDECLARED_SELECTOR = YES;
				GCC_WARN_UNINITIALIZED_AUTOS = YES_AGGRESSIVE;
				GCC_WARN_UNUSED_FUNCTION = YES;
				GCC_WARN_UNUSED_VARIABLE = YES;
				IPHONEOS_DEPLOYMENT_TARGET = 17.0;
				LOCALIZATION_PREFERS_STRING_CATALOGS = YES;
				MTL_ENABLE_DEBUG_INFO = INCLUDE_SOURCE;
				MTL_FAST_MATH = YES;
				ONLY_ACTIVE_ARCH = YES;
				SDKROOT = iphoneos;
				SWIFT_ACTIVE_COMPILATION_CONDITIONS = "DEBUG $(inherited)";
				SWIFT_OPTIMIZATION_LEVEL = "-Onone";
			};
			name = Debug;
		};
		3F5093642ADED044005FBE4F /* Release */ = {
			isa = XCBuildConfiguration;
			buildSettings = {
				ALWAYS_SEARCH_USER_PATHS = NO;
				ASSETCATALOG_COMPILER_GENERATE_SWIFT_ASSET_SYMBOL_EXTENSIONS = YES;
				CLANG_ANALYZER_NONNULL = YES;
				CLANG_ANALYZER_NUMBER_OBJECT_CONVERSION = YES_AGGRESSIVE;
				CLANG_CXX_LANGUAGE_STANDARD = "gnu++20";
				CLANG_ENABLE_MODULES = YES;
				CLANG_ENABLE_OBJC_ARC = YES;
				CLANG_ENABLE_OBJC_WEAK = YES;
				CLANG_WARN_BLOCK_CAPTURE_AUTORELEASING = YES;
				CLANG_WARN_BOOL_CONVERSION = YES;
				CLANG_WARN_COMMA = YES;
				CLANG_WARN_CONSTANT_CONVERSION = YES;
				CLANG_WARN_DEPRECATED_OBJC_IMPLEMENTATIONS = YES;
				CLANG_WARN_DIRECT_OBJC_ISA_USAGE = YES_ERROR;
				CLANG_WARN_DOCUMENTATION_COMMENTS = YES;
				CLANG_WARN_EMPTY_BODY = YES;
				CLANG_WARN_ENUM_CONVERSION = YES;
				CLANG_WARN_INFINITE_RECURSION = YES;
				CLANG_WARN_INT_CONVERSION = YES;
				CLANG_WARN_NON_LITERAL_NULL_CONVERSION = YES;
				CLANG_WARN_OBJC_IMPLICIT_RETAIN_SELF = YES;
				CLANG_WARN_OBJC_LITERAL_CONVERSION = YES;
				CLANG_WARN_OBJC_ROOT_CLASS = YES_ERROR;
				CLANG_WARN_QUOTED_INCLUDE_IN_FRAMEWORK_HEADER = YES;
				CLANG_WARN_RANGE_LOOP_ANALYSIS = YES;
				CLANG_WARN_STRICT_PROTOTYPES = YES;
				CLANG_WARN_SUSPICIOUS_MOVE = YES;
				CLANG_WARN_UNGUARDED_AVAILABILITY = YES_AGGRESSIVE;
				CLANG_WARN_UNREACHABLE_CODE = YES;
				CLANG_WARN__DUPLICATE_METHOD_MATCH = YES;
				COPY_PHASE_STRIP = NO;
				DEBUG_INFORMATION_FORMAT = "dwarf-with-dsym";
				ENABLE_NS_ASSERTIONS = NO;
				ENABLE_STRICT_OBJC_MSGSEND = YES;
				ENABLE_USER_SCRIPT_SANDBOXING = YES;
				GCC_C_LANGUAGE_STANDARD = gnu17;
				GCC_NO_COMMON_BLOCKS = YES;
				GCC_WARN_64_TO_32_BIT_CONVERSION = YES;
				GCC_WARN_ABOUT_RETURN_TYPE = YES_ERROR;
				GCC_WARN_UNDECLARED_SELECTOR = YES;
				GCC_WARN_UNINITIALIZED_AUTOS = YES_AGGRESSIVE;
				GCC_WARN_UNUSED_FUNCTION = YES;
				GCC_WARN_UNUSED_VARIABLE = YES;
				IPHONEOS_DEPLOYMENT_TARGET = 17.0;
				LOCALIZATION_PREFERS_STRING_CATALOGS = YES;
				MTL_ENABLE_DEBUG_INFO = NO;
				MTL_FAST_MATH = YES;
				SDKROOT = iphoneos;
				SWIFT_COMPILATION_MODE = wholemodule;
				VALIDATE_PRODUCT = YES;
			};
			name = Release;
		};
		3F5093662ADED044005FBE4F /* Debug */ = {
			isa = XCBuildConfiguration;
			buildSettings = {
				ASSETCATALOG_COMPILER_APPICON_NAME = AppIcon;
				ASSETCATALOG_COMPILER_GLOBAL_ACCENT_COLOR_NAME = AccentColor;
				CODE_SIGN_STYLE = Automatic;
				CURRENT_PROJECT_VERSION = 1;
				DEVELOPMENT_ASSET_PATHS = "\"MemoryGame/Preview Content\"";
				ENABLE_PREVIEWS = YES;
				GENERATE_INFOPLIST_FILE = YES;
				INFOPLIST_KEY_UIApplicationSceneManifest_Generation = YES;
				INFOPLIST_KEY_UIApplicationSupportsIndirectInputEvents = YES;
				INFOPLIST_KEY_UILaunchScreen_Generation = YES;
				INFOPLIST_KEY_UISupportedInterfaceOrientations_iPad = "UIInterfaceOrientationPortrait UIInterfaceOrientationPortraitUpsideDown UIInterfaceOrientationLandscapeLeft UIInterfaceOrientationLandscapeRight";
				INFOPLIST_KEY_UISupportedInterfaceOrientations_iPhone = "UIInterfaceOrientationPortrait UIInterfaceOrientationLandscapeLeft UIInterfaceOrientationLandscapeRight";
				LD_RUNPATH_SEARCH_PATHS = (
					"$(inherited)",
					"@executable_path/Frameworks",
				);
				MARKETING_VERSION = 1.0;
				PRODUCT_BUNDLE_IDENTIFIER = student.MemoryGame;
				PRODUCT_NAME = "$(TARGET_NAME)";
				SWIFT_EMIT_LOC_STRINGS = YES;
				SWIFT_VERSION = 5.0;
				TARGETED_DEVICE_FAMILY = "1,2";
			};
			name = Debug;
		};
		3F5093672ADED044005FBE4F /* Release */ = {
			isa = XCBuildConfiguration;
			buildSettings = {
				ASSETCATALOG_COMPILER_APPICON_NAME = AppIcon;
				ASSETCATALOG_COMPILER_GLOBAL_ACCENT_COLOR_NAME = AccentColor;
				CODE_SIGN_STYLE = Automatic;
				CURRENT_PROJECT_VERSION = 1;
				DEVELOPMENT_ASSET_PATHS = "\"MemoryGame/Preview Content\"";
				ENABLE_PREVIEWS = YES;
				GENERATE_INFOPLIST_FILE = YES;
				INFOPLIST_KEY_UIApplicationSceneManifest_Generation = YES;
				INFOPLIST_KEY_UIApplicationSupportsIndirectInputEvents = YES;
				INFOPLIST_KEY_UILaunchScreen_Generation = YES;
				INFOPLIST_KEY_UISupportedInterfaceOrientations_iPad = "UIInterfaceOrientationPortrait UIInterfaceOrientationPortraitUpsideDown UIInterfaceOrientationLandscapeLeft UIInterfaceOrientationLandscapeRight";
				INFOPLIST_KEY_UISupportedInterfaceOrientations_iPhone = "UIInterfaceOrientationPortrait UIInterfaceOrientationLandscapeLeft UIInterfaceOrientationLandscapeRight";
				LD_RUNPATH_SEARCH_PATHS = (
					"$(inherited)",
					"@executable_path/Frameworks",
				);
				MARKETING_VERSION = 1.0;
				PRODUCT_BUNDLE_IDENTIFIER = student.MemoryGame;
				PRODUCT_NAME = "$(TARGET_NAME)";
				SWIFT_EMIT_LOC_STRINGS = YES;
				SWIFT_VERSION = 5.0;
				TARGETED_DEVICE_FAMILY = "1,2";
			};
			name = Release;
		};
		3F5093692ADED044005FBE4F /* Debug */ = {
			isa = XCBuildConfiguration;
			buildSettings = {
				ALWAYS_EMBED_SWIFT_STANDARD_LIBRARIES = YES;
				BUNDLE_LOADER = "$(TEST_HOST)";
				CODE_SIGN_STYLE = Automatic;
				CURRENT_PROJECT_VERSION = 1;
				GENERATE_INFOPLIST_FILE = YES;
				IPHONEOS_DEPLOYMENT_TARGET = 17.0;
				MARKETING_VERSION = 1.0;
				PRODUCT_BUNDLE_IDENTIFIER = student.MemoryGameTests;
				PRODUCT_NAME = "$(TARGET_NAME)";
				SWIFT_EMIT_LOC_STRINGS = NO;
				SWIFT_VERSION = 5.0;
				TARGETED_DEVICE_FAMILY = "1,2";
				TEST_HOST = "$(BUILT_PRODUCTS_DIR)/MemoryGame.app/$(BUNDLE_EXECUTABLE_FOLDER_PATH)/MemoryGame";
			};
			name = Debug;
		};
		3F50936A2ADED044005FBE4F /* Release */ = {
			isa = XCBuildConfiguration;
			buildSettings = {
				ALWAYS_EMBED_SWIFT_STANDARD_LIBRARIES = YES;
				BUNDLE_LOADER = "$(TEST_HOST)";
				CODE_SIGN_STYLE = Automatic;
				CURRENT_PROJECT_VERSION = 1;
				GENERATE_INFOPLIST_FILE = YES;
				IPHONEOS_DEPLOYMENT_TARGET = 17.0;
				MARKETING_VERSION = 1.0;
				PRODUCT_BUNDLE_IDENTIFIER = student.MemoryGameTests;
				PRODUCT_NAME = "$(TARGET_NAME)";
				SWIFT_EMIT_LOC_STRINGS = NO;
				SWIFT_VERSION = 5.0;
				TARGETED_DEVICE_FAMILY = "1,2";
				TEST_HOST = "$(BUILT_PRODUCTS_DIR)/MemoryGame.app/$(BUNDLE_EXECUTABLE_FOLDER_PATH)/MemoryGame";
			};
			name = Release;
		};
		3F50936C2ADED044005FBE4F /* Debug */ = {
			isa = XCBuildConfiguration;
			buildSettings = {
				ALWAYS_EMBED_SWIFT_STANDARD_LIBRARIES = YES;
				CODE_SIGN_STYLE = Automatic;
				CURRENT_PROJECT_VERSION = 1;
				GENERATE_INFOPLIST_FILE = YES;
				MARKETING_VERSION = 1.0;
				PRODUCT_BUNDLE_IDENTIFIER = student.MemoryGameUITests;
				PRODUCT_NAME = "$(TARGET_NAME)";
				SWIFT_EMIT_LOC_STRINGS = NO;
				SWIFT_VERSION = 5.0;
				TARGETED_DEVICE_FAMILY = "1,2";
				TEST_TARGET_NAME = MemoryGame;
			};
			name = Debug;
		};
		3F50936D2ADED044005FBE4F /* Release */ = {
			isa = XCBuildConfiguration;
			buildSettings = {
				ALWAYS_EMBED_SWIFT_STANDARD_LIBRARIES = YES;
				CODE_SIGN_STYLE = Automatic;
				CURRENT_PROJECT_VERSION = 1;
				GENERATE_INFOPLIST_FILE = YES;
				MARKETING_VERSION = 1.0;
				PRODUCT_BUNDLE_IDENTIFIER = student.MemoryGameUITests;
				PRODUCT_NAME = "$(TARGET_NAME)";
				SWIFT_EMIT_LOC_STRINGS = NO;
				SWIFT_VERSION = 5.0;
				TARGETED_DEVICE_FAMILY = "1,2";
				TEST_TARGET_NAME = MemoryGame;
			};
			name = Release;
		};
/* End XCBuildConfiguration section */

/* Begin XCConfigurationList section */
		3F50933C2ADED043005FBE4F /* Build configuration list for PBXProject "MemoryGame" */ = {
			isa = XCConfigurationList;
			buildConfigurations = (
				3F5093632ADED044005FBE4F /* Debug */,
				3F5093642ADED044005FBE4F /* Release */,
			);
			defaultConfigurationIsVisible = 0;
			defaultConfigurationName = Release;
		};
		3F5093652ADED044005FBE4F /* Build configuration list for PBXNativeTarget "MemoryGame" */ = {
			isa = XCConfigurationList;
			buildConfigurations = (
				3F5093662ADED044005FBE4F /* Debug */,
				3F5093672ADED044005FBE4F /* Release */,
			);
			defaultConfigurationIsVisible = 0;
			defaultConfigurationName = Release;
		};
		3F5093682ADED044005FBE4F /* Build configuration list for PBXNativeTarget "MemoryGameTests" */ = {
			isa = XCConfigurationList;
			buildConfigurations = (
				3F5093692ADED044005FBE4F /* Debug */,
				3F50936A2ADED044005FBE4F /* Release */,
			);
			defaultConfigurationIsVisible = 0;
			defaultConfigurationName = Release;
		};
		3F50936B2ADED044005FBE4F /* Build configuration list for PBXNativeTarget "MemoryGameUITests" */ = {
			isa = XCConfigurationList;
			buildConfigurations = (
				3F50936C2ADED044005FBE4F /* Debug */,
				3F50936D2ADED044005FBE4F /* Release */,
			);
			defaultConfigurationIsVisible = 0;
			defaultConfigurationName = Release;
		};
/* End XCConfigurationList section */
	};
	rootObject = 3F5093392ADED043005FBE4F /* Project object */;
}
